
Microsoft Visual Studio Solution File, Format Version 12.00
# Visual Studio Version 16
VisualStudioVersion = 16.0.31105.61
MinimumVisualStudioVersion = 10.0.40219.1
Project("{FAE04EC0-301F-11D3-BF4B-00C04F79EFBC}") = "RetailStore", "RetailStore.csproj", "{86BCF4B0-9E0F-47BC-AF32-B122F94BE460}"
EndProject
Global
	GlobalSection(SolutionConfigurationPlatforms) = preSolution
		Debug|Any CPU = Debug|Any CPU
		Release|Any CPU = Release|Any CPU
	EndGlobalSection
	GlobalSection(ProjectConfigurationPlatforms) = postSolution
		{86BCF4B0-9E0F-47BC-AF32-B122F94BE460}.Debug|Any CPU.ActiveCfg = Debug|Any CPU
		{86BCF4B0-9E0F-47BC-AF32-B122F94BE460}.Debug|Any CPU.Build.0 = Debug|Any CPU
		{86BCF4B0-9E0F-47BC-AF32-B122F94BE460}.Release|Any CPU.ActiveCfg = Release|Any CPU
		{86BCF4B0-9E0F-47BC-AF32-B122F94BE460}.Release|Any CPU.Build.0 = Release|Any CPU
	EndGlobalSection
	GlobalSection(SolutionProperties) = preSolution
		HideSolutionNode = FALSE
	EndGlobalSection
	GlobalSection(ExtensibilityGlobals) = postSolution
		SolutionGuid = {1AAD1A37-C693-4E0D-BE51-E67BAAE05DC9}
	EndGlobalSection
EndGlobal
